# THIS IS AN AUTOGENERATED FILE. DO NOT EDIT THIS FILE DIRECTLY.
# yarn lockfile v1


express-validator@^6.2.0:
  version "6.2.0"
  resolved "https://registry.yarnpkg.com/express-validator/-/express-validator-6.2.0.tgz#294409468ee78e90e908c6a77ea3629bae41fd85"
  integrity sha512-892cPistoSPzMuoG2p1W+2ZxBi0bAvPaaYgXK1E1C8/QncLo2d1HbiDDWkXUtTthjGEzEmwiELLJHu1Ez2hOEg==
  dependencies:
    lodash "^4.17.15"
    validator "^11.1.0"

lodash@^4.17.15:
  version "4.17.21"
  resolved "https://registry.yarnpkg.com/lodash/-/lodash-4.17.21.tgz#679591c564c3bffaae8454cf0b3df370c3d6911c"
  integrity sha512-v2kDEe57lecTulaDIuNTPy3Ry4gLGJ6Z1O3vE1krgXZNrsQ+LFTGHVxVjcXPs17LhbZVGedAJv8XZ1tvj5FvSg==

validator@^11.1.0:
  version "11.1.0"
  resolved "https://registry.yarnpkg.com/validator/-/validator-11.1.0.tgz#ac18cac42e0aa5902b603d7a5d9b7827e2346ac4"
  integrity sha512-qiQ5ktdO7CD6C/5/mYV4jku/7qnqzjrxb3C/Q5wR3vGGinHTgJZN/TdFT3ZX4vXhX2R1PXx42fB1cn5W+uJ4lg==
